{
  "version": 4,
  "terraform_version": "1.9.3",
  "serial": 31,
  "lineage": "469a7b4d-c08b-acd6-d74e-43ed7178e335",
  "outputs": {},
  "resources": [
    {
      "mode": "managed",
      "type": "google_compute_address",
      "name": "k3s_master_ip",
      "provider": "provider[\"registry.terraform.io/hashicorp/google\"]",
      "instances": [
        {
          "schema_version": 0,
          "attributes": {
            "address": "34.17.40.14",
            "address_type": "EXTERNAL",
            "creation_timestamp": "2024-08-01T12:08:39.745-07:00",
            "description": "",
            "effective_labels": {},
            "id": "projects/kiratech-challenge-431118/regions/europe-west12/addresses/k3s-master-ip",
            "ip_version": "",
            "ipv6_endpoint_type": "",
            "label_fingerprint": "42WmSpB8rSM=",
            "labels": null,
            "name": "k3s-master-ip",
            "network": "",
            "network_tier": "PREMIUM",
            "prefix_length": 0,
            "project": "kiratech-challenge-431118",
            "purpose": "",
            "region": "europe-west12",
            "self_link": "https://www.googleapis.com/compute/v1/projects/kiratech-challenge-431118/regions/europe-west12/addresses/k3s-master-ip",
            "subnetwork": "",
            "terraform_labels": {},
            "timeouts": null,
            "users": []
          },
          "sensitive_attributes": [],
          "private": "eyJlMmJmYjczMC1lY2FhLTExZTYtOGY4OC0zNDM2M2JjN2M0YzAiOnsiY3JlYXRlIjoxMjAwMDAwMDAwMDAwLCJkZWxldGUiOjEyMDAwMDAwMDAwMDAsInVwZGF0ZSI6MTIwMDAwMDAwMDAwMH19"
        }
      ]
    },
    {
      "mode": "managed",
      "type": "google_compute_firewall",
      "name": "k3s-firewall",
      "provider": "provider[\"registry.terraform.io/hashicorp/google\"]",
      "instances": [
        {
          "schema_version": 1,
          "attributes": {
            "allow": [
              {
                "ports": [
                  "22",
                  "80",
                  "443",
                  "6443"
                ],
                "protocol": "tcp"
              }
            ],
            "creation_timestamp": "2024-08-01T12:08:39.702-07:00",
            "deny": [],
            "description": "",
            "destination_ranges": [],
            "direction": "INGRESS",
            "disabled": false,
            "enable_logging": null,
            "id": "projects/kiratech-challenge-431118/global/firewalls/k3s-firewall",
            "log_config": [],
            "name": "k3s-firewall",
            "network": "https://www.googleapis.com/compute/v1/projects/kiratech-challenge-431118/global/networks/default",
            "priority": 1000,
            "project": "kiratech-challenge-431118",
            "self_link": "https://www.googleapis.com/compute/v1/projects/kiratech-challenge-431118/global/firewalls/k3s-firewall",
            "source_ranges": [
              "0.0.0.0/0"
            ],
            "source_service_accounts": null,
            "source_tags": null,
            "target_service_accounts": null,
            "target_tags": [
              "k3s"
            ],
            "timeouts": null
          },
          "sensitive_attributes": [],
          "private": "eyJlMmJmYjczMC1lY2FhLTExZTYtOGY4OC0zNDM2M2JjN2M0YzAiOnsiY3JlYXRlIjoxMjAwMDAwMDAwMDAwLCJkZWxldGUiOjEyMDAwMDAwMDAwMDAsInVwZGF0ZSI6MTIwMDAwMDAwMDAwMH0sInNjaGVtYV92ZXJzaW9uIjoiMSJ9"
        }
      ]
    },
    {
      "mode": "managed",
      "type": "google_compute_instance",
      "name": "k3s_master_instance",
      "provider": "provider[\"registry.terraform.io/hashicorp/google\"]",
      "instances": [
        {
          "status": "tainted",
          "schema_version": 6,
          "attributes": {
            "advanced_machine_features": [],
            "allow_stopping_for_update": null,
            "attached_disk": [],
            "boot_disk": [
              {
                "auto_delete": true,
                "device_name": "persistent-disk-0",
                "disk_encryption_key_raw": "",
                "disk_encryption_key_sha256": "",
                "initialize_params": [
                  {
                    "enable_confidential_compute": false,
                    "image": "https://www.googleapis.com/compute/v1/projects/debian-cloud/global/images/debian-9-stretch-v20200805",
                    "labels": {},
                    "provisioned_iops": 0,
                    "provisioned_throughput": 0,
                    "resource_manager_tags": null,
                    "size": 10,
                    "storage_pool": "",
                    "type": "pd-standard"
                  }
                ],
                "kms_key_self_link": "",
                "mode": "READ_WRITE",
                "source": "https://www.googleapis.com/compute/v1/projects/kiratech-challenge-431118/zones/europe-west12-a/disks/k3s-master"
              }
            ],
            "can_ip_forward": false,
            "confidential_instance_config": [],
            "cpu_platform": "Intel Broadwell",
            "current_status": "RUNNING",
            "deletion_protection": false,
            "description": "",
            "desired_status": null,
            "effective_labels": {},
            "enable_display": false,
            "guest_accelerator": [],
            "hostname": "",
            "id": "projects/kiratech-challenge-431118/zones/europe-west12-a/instances/k3s-master",
            "instance_id": "1967994163173942187",
            "label_fingerprint": "42WmSpB8rSM=",
            "labels": null,
            "machine_type": "e2-small",
            "metadata": {
              "ssh-keys": "debian:ssh-rsa AAAAB3NzaC1yc2EAAAADAQABAAABgQCP8JBnwTV6j11QY2BSyTVrWBcUDS1jHRqF8oixt2aXy9+WojUjWkwpES8GNfNqdPLjYJ5zQrGEVyoydn5+98emvYZ92WTk0ogM1lgl8HSopKq6or77rGPsRkP+lrD450rcoKIPxLKliadfAuIS+7wsk//Edctrc9/+me1tuk/t2wYF6nR3Fn8A8VbIxPYx/xsyV6H6m3lGR+1tRT1BYqtUct1mhsLG2vPAuYuFoPgCpj41krpUdKXCxYbis5fOV5EluHvWtYWP5rsf+UhE8Ey5ViJmMBBIPkTNPPHUXx+R1b3CLOtA3zLGjgfL3SUhlbmK0pZ8mpTuEd7z7h6ttSOuwZyX0ON5FIZvauhEjtsl/uCTPBvaej45ToG9k5S3rmUbRKWCCZpM2jDEN+AmmOI3Co3w9M4641s9rt7R/F2N5SafQMk/L73cktc3glQOc9QjZ2Ik7gQH4oGnlw82Qavcm1eHv2ir/hjFi98JyltcrNjl16LYDYhSvzVwXqtqFos= antonio@fedora.fritz.box\n"
            },
            "metadata_fingerprint": "D_VHmDeg6ZA=",
            "metadata_startup_script": null,
            "min_cpu_platform": "",
            "name": "k3s-master",
            "network_interface": [
              {
                "access_config": [
                  {
                    "nat_ip": "34.17.13.183",
                    "network_tier": "PREMIUM",
                    "public_ptr_domain_name": ""
                  }
                ],
                "alias_ip_range": [],
                "internal_ipv6_prefix_length": 0,
                "ipv6_access_config": [],
                "ipv6_access_type": "",
                "ipv6_address": "",
                "name": "nic0",
                "network": "https://www.googleapis.com/compute/v1/projects/kiratech-challenge-431118/global/networks/default",
                "network_ip": "10.210.0.24",
                "nic_type": "",
                "queue_count": 0,
                "stack_type": "IPV4_ONLY",
                "subnetwork": "https://www.googleapis.com/compute/v1/projects/kiratech-challenge-431118/regions/europe-west12/subnetworks/default",
                "subnetwork_project": "kiratech-challenge-431118"
              }
            ],
            "network_performance_config": [],
            "params": [],
            "project": "kiratech-challenge-431118",
            "reservation_affinity": [],
            "resource_policies": null,
            "scheduling": [
              {
                "automatic_restart": true,
                "instance_termination_action": "",
                "local_ssd_recovery_timeout": [],
                "max_run_duration": [],
                "min_node_cpus": 0,
                "node_affinities": [],
                "on_host_maintenance": "MIGRATE",
                "on_instance_stop_action": [],
                "preemptible": false,
                "provisioning_model": "STANDARD"
              }
            ],
            "scratch_disk": [],
            "self_link": "https://www.googleapis.com/compute/v1/projects/kiratech-challenge-431118/zones/europe-west12-a/instances/k3s-master",
            "service_account": [],
            "shielded_instance_config": [],
            "tags": [
              "k3s",
              "k3s-master"
            ],
            "tags_fingerprint": "hw28xhxIKTw=",
            "terraform_labels": {},
            "timeouts": null,
            "zone": "europe-west12-a"
          },
          "sensitive_attributes": [
            [
              {
                "type": "get_attr",
                "value": "boot_disk"
              },
              {
                "type": "index",
                "value": {
                  "value": 0,
                  "type": "number"
                }
              },
              {
                "type": "get_attr",
                "value": "disk_encryption_key_raw"
              }
            ]
          ],
          "private": "eyJlMmJmYjczMC1lY2FhLTExZTYtOGY4OC0zNDM2M2JjN2M0YzAiOnsiY3JlYXRlIjoxMjAwMDAwMDAwMDAwLCJkZWxldGUiOjEyMDAwMDAwMDAwMDAsInVwZGF0ZSI6MTIwMDAwMDAwMDAwMH0sInNjaGVtYV92ZXJzaW9uIjoiNiJ9",
          "dependencies": [
            "google_compute_firewall.k3s-firewall"
          ]
        }
      ]
    }
  ],
  "check_results": null
}
